
Microsoft Visual Studio Solution File, Format Version 12.00
# Visual Studio Version 16
VisualStudioVersion = 16.0.32002.261
MinimumVisualStudioVersion = 10.0.40219.1
Project("{FAE04EC0-301F-11D3-BF4B-00C04F79EFBC}") = "Codigos", "Codigos\Codigos.csproj", "{0DBDEB49-CC66-4A0E-AA07-BE5E59DE4761}"
EndProject
Global
	GlobalSection(SolutionConfigurationPlatforms) = preSolution
		Debug|Any CPU = Debug|Any CPU
		Release|Any CPU = Release|Any CPU
	EndGlobalSection
	GlobalSection(ProjectConfigurationPlatforms) = postSolution
		{0DBDEB49-CC66-4A0E-AA07-BE5E59DE4761}.Debug|Any CPU.ActiveCfg = Debug|Any CPU
		{0DBDEB49-CC66-4A0E-AA07-BE5E59DE4761}.Debug|Any CPU.Build.0 = Debug|Any CPU
		{0DBDEB49-CC66-4A0E-AA07-BE5E59DE4761}.Release|Any CPU.ActiveCfg = Release|Any CPU
		{0DBDEB49-CC66-4A0E-AA07-BE5E59DE4761}.Release|Any CPU.Build.0 = Release|Any CPU
	EndGlobalSection
	GlobalSection(SolutionProperties) = preSolution
		HideSolutionNode = FALSE
	EndGlobalSection
	GlobalSection(ExtensibilityGlobals) = postSolution
		SolutionGuid = {6DAB5696-3FC8-4DED-A16C-C890ED7204C3}
	EndGlobalSection
EndGlobal
